
Microsoft Visual Studio Solution File, Format Version 12.00
# Visual Studio Version 16
VisualStudioVersion = 16.0.32106.194
MinimumVisualStudioVersion = 10.0.40219.1
Project("{FAE04EC0-301F-11D3-BF4B-00C04F79EFBC}") = "WebAPI", "WebAPI\WebAPI.csproj", "{358F8A4C-6DDC-4B11-B6B2-0988FF05359D}"
EndProject
Project("{FAE04EC0-301F-11D3-BF4B-00C04F79EFBC}") = "Cozma_Miruna_Lab12.Android", "Cozma_Miruna_Lab12\Cozma_Miruna_Lab12\Cozma_Miruna_Lab12.Android\Cozma_Miruna_Lab12.Android.csproj", "{0D2DFE0E-CAFC-4E48-9F9D-9F99C3375E16}"
EndProject
Project("{FAE04EC0-301F-11D3-BF4B-00C04F79EFBC}") = "Cozma_Miruna_Lab12.iOS", "Cozma_Miruna_Lab12\Cozma_Miruna_Lab12\Cozma_Miruna_Lab12.iOS\Cozma_Miruna_Lab12.iOS.csproj", "{32CA82D9-E58D-4ECA-8536-EAE68D41D9D1}"
EndProject
Project("{FAE04EC0-301F-11D3-BF4B-00C04F79EFBC}") = "Cozma_Miruna_Lab12", "Cozma_Miruna_Lab12\Cozma_Miruna_Lab12\Cozma_Miruna_Lab12\Cozma_Miruna_Lab12.csproj", "{C5BEFBF3-45ED-4E19-8678-44CD7070A1CB}"
EndProject
Global
	GlobalSection(SolutionConfigurationPlatforms) = preSolution
		Debug|Any CPU = Debug|Any CPU
		Debug|iPhone = Debug|iPhone
		Debug|iPhoneSimulator = Debug|iPhoneSimulator
		Release|Any CPU = Release|Any CPU
		Release|iPhone = Release|iPhone
		Release|iPhoneSimulator = Release|iPhoneSimulator
	EndGlobalSection
	GlobalSection(ProjectConfigurationPlatforms) = postSolution
		{358F8A4C-6DDC-4B11-B6B2-0988FF05359D}.Debug|Any CPU.ActiveCfg = Debug|Any CPU
		{358F8A4C-6DDC-4B11-B6B2-0988FF05359D}.Debug|Any CPU.Build.0 = Debug|Any CPU
		{358F8A4C-6DDC-4B11-B6B2-0988FF05359D}.Debug|iPhone.ActiveCfg = Debug|Any CPU
		{358F8A4C-6DDC-4B11-B6B2-0988FF05359D}.Debug|iPhone.Build.0 = Debug|Any CPU
		{358F8A4C-6DDC-4B11-B6B2-0988FF05359D}.Debug|iPhoneSimulator.ActiveCfg = Debug|Any CPU
		{358F8A4C-6DDC-4B11-B6B2-0988FF05359D}.Debug|iPhoneSimulator.Build.0 = Debug|Any CPU
		{358F8A4C-6DDC-4B11-B6B2-0988FF05359D}.Release|Any CPU.ActiveCfg = Release|Any CPU
		{358F8A4C-6DDC-4B11-B6B2-0988FF05359D}.Release|Any CPU.Build.0 = Release|Any CPU
		{358F8A4C-6DDC-4B11-B6B2-0988FF05359D}.Release|iPhone.ActiveCfg = Release|Any CPU
		{358F8A4C-6DDC-4B11-B6B2-0988FF05359D}.Release|iPhone.Build.0 = Release|Any CPU
		{358F8A4C-6DDC-4B11-B6B2-0988FF05359D}.Release|iPhoneSimulator.ActiveCfg = Release|Any CPU
		{358F8A4C-6DDC-4B11-B6B2-0988FF05359D}.Release|iPhoneSimulator.Build.0 = Release|Any CPU
		{0D2DFE0E-CAFC-4E48-9F9D-9F99C3375E16}.Debug|Any CPU.ActiveCfg = Debug|Any CPU
		{0D2DFE0E-CAFC-4E48-9F9D-9F99C3375E16}.Debug|Any CPU.Build.0 = Debug|Any CPU
		{0D2DFE0E-CAFC-4E48-9F9D-9F99C3375E16}.Debug|Any CPU.Deploy.0 = Debug|Any CPU
		{0D2DFE0E-CAFC-4E48-9F9D-9F99C3375E16}.Debug|iPhone.ActiveCfg = Debug|Any CPU
		{0D2DFE0E-CAFC-4E48-9F9D-9F99C3375E16}.Debug|iPhone.Build.0 = Debug|Any CPU
		{0D2DFE0E-CAFC-4E48-9F9D-9F99C3375E16}.Debug|iPhone.Deploy.0 = Debug|Any CPU
		{0D2DFE0E-CAFC-4E48-9F9D-9F99C3375E16}.Debug|iPhoneSimulator.ActiveCfg = Debug|Any CPU
		{0D2DFE0E-CAFC-4E48-9F9D-9F99C3375E16}.Debug|iPhoneSimulator.Build.0 = Debug|Any CPU
		{0D2DFE0E-CAFC-4E48-9F9D-9F99C3375E16}.Debug|iPhoneSimulator.Deploy.0 = Debug|Any CPU
		{0D2DFE0E-CAFC-4E48-9F9D-9F99C3375E16}.Release|Any CPU.ActiveCfg = Release|Any CPU
		{0D2DFE0E-CAFC-4E48-9F9D-9F99C3375E16}.Release|Any CPU.Build.0 = Release|Any CPU
		{0D2DFE0E-CAFC-4E48-9F9D-9F99C3375E16}.Release|Any CPU.Deploy.0 = Release|Any CPU
		{0D2DFE0E-CAFC-4E48-9F9D-9F99C3375E16}.Release|iPhone.ActiveCfg = Release|Any CPU
		{0D2DFE0E-CAFC-4E48-9F9D-9F99C3375E16}.Release|iPhone.Build.0 = Release|Any CPU
		{0D2DFE0E-CAFC-4E48-9F9D-9F99C3375E16}.Release|iPhone.Deploy.0 = Release|Any CPU
		{0D2DFE0E-CAFC-4E48-9F9D-9F99C3375E16}.Release|iPhoneSimulator.ActiveCfg = Release|Any CPU
		{0D2DFE0E-CAFC-4E48-9F9D-9F99C3375E16}.Release|iPhoneSimulator.Build.0 = Release|Any CPU
		{0D2DFE0E-CAFC-4E48-9F9D-9F99C3375E16}.Release|iPhoneSimulator.Deploy.0 = Release|Any CPU
		{32CA82D9-E58D-4ECA-8536-EAE68D41D9D1}.Debug|Any CPU.ActiveCfg = Debug|iPhoneSimulator
		{32CA82D9-E58D-4ECA-8536-EAE68D41D9D1}.Debug|iPhone.ActiveCfg = Debug|iPhone
		{32CA82D9-E58D-4ECA-8536-EAE68D41D9D1}.Debug|iPhone.Build.0 = Debug|iPhone
		{32CA82D9-E58D-4ECA-8536-EAE68D41D9D1}.Debug|iPhoneSimulator.ActiveCfg = Debug|iPhoneSimulator
		{32CA82D9-E58D-4ECA-8536-EAE68D41D9D1}.Debug|iPhoneSimulator.Build.0 = Debug|iPhoneSimulator
		{32CA82D9-E58D-4ECA-8536-EAE68D41D9D1}.Release|Any CPU.ActiveCfg = Release|iPhoneSimulator
		{32CA82D9-E58D-4ECA-8536-EAE68D41D9D1}.Release|iPhone.ActiveCfg = Release|iPhone
		{32CA82D9-E58D-4ECA-8536-EAE68D41D9D1}.Release|iPhone.Build.0 = Release|iPhone
		{32CA82D9-E58D-4ECA-8536-EAE68D41D9D1}.Release|iPhoneSimulator.ActiveCfg = Release|iPhoneSimulator
		{32CA82D9-E58D-4ECA-8536-EAE68D41D9D1}.Release|iPhoneSimulator.Build.0 = Release|iPhoneSimulator
		{C5BEFBF3-45ED-4E19-8678-44CD7070A1CB}.Debug|Any CPU.ActiveCfg = Debug|Any CPU
		{C5BEFBF3-45ED-4E19-8678-44CD7070A1CB}.Debug|Any CPU.Build.0 = Debug|Any CPU
		{C5BEFBF3-45ED-4E19-8678-44CD7070A1CB}.Debug|iPhone.ActiveCfg = Debug|Any CPU
		{C5BEFBF3-45ED-4E19-8678-44CD7070A1CB}.Debug|iPhone.Build.0 = Debug|Any CPU
		{C5BEFBF3-45ED-4E19-8678-44CD7070A1CB}.Debug|iPhoneSimulator.ActiveCfg = Debug|Any CPU
		{C5BEFBF3-45ED-4E19-8678-44CD7070A1CB}.Debug|iPhoneSimulator.Build.0 = Debug|Any CPU
		{C5BEFBF3-45ED-4E19-8678-44CD7070A1CB}.Release|Any CPU.ActiveCfg = Release|Any CPU
		{C5BEFBF3-45ED-4E19-8678-44CD7070A1CB}.Release|Any CPU.Build.0 = Release|Any CPU
		{C5BEFBF3-45ED-4E19-8678-44CD7070A1CB}.Release|iPhone.ActiveCfg = Release|Any CPU
		{C5BEFBF3-45ED-4E19-8678-44CD7070A1CB}.Release|iPhone.Build.0 = Release|Any CPU
		{C5BEFBF3-45ED-4E19-8678-44CD7070A1CB}.Release|iPhoneSimulator.ActiveCfg = Release|Any CPU
		{C5BEFBF3-45ED-4E19-8678-44CD7070A1CB}.Release|iPhoneSimulator.Build.0 = Release|Any CPU
	EndGlobalSection
	GlobalSection(SolutionProperties) = preSolution
		HideSolutionNode = FALSE
	EndGlobalSection
	GlobalSection(ExtensibilityGlobals) = postSolution
		SolutionGuid = {0B41CBE7-2BA3-4B00-AAEA-BC2E9F3F0043}
	EndGlobalSection
EndGlobal
